// !$*UTF8*$!
{
	archiveVersion = 1;
	classes = {
	};
	objectVersion = 77;
	objects = {

/* Begin PBXBuildFile section */
		D1F86B9E2D75B30C00600BBC /* Auth in Frameworks */ = {isa = PBXBuildFile; productRef = D1F86B9D2D75B30C00600BBC /* Auth */; };
		D1F86BA02D75B30C00600BBC /* Functions in Frameworks */ = {isa = PBXBuildFile; productRef = D1F86B9F2D75B30C00600BBC /* Functions */; };
		D1F86BA22D75B30C00600BBC /* PostgREST in Frameworks */ = {isa = PBXBuildFile; productRef = D1F86BA12D75B30C00600BBC /* PostgREST */; };
		D1F86BA42D75B30C00600BBC /* Realtime in Frameworks */ = {isa = PBXBuildFile; productRef = D1F86BA32D75B30C00600BBC /* Realtime */; };
		D1F86BA62D75B30C00600BBC /* Storage in Frameworks */ = {isa = PBXBuildFile; productRef = D1F86BA52D75B30C00600BBC /* Storage */; };
		D1F86BA82D75B30C00600BBC /* Supabase in Frameworks */ = {isa = PBXBuildFile; productRef = D1F86BA72D75B30C00600BBC /* Supabase */; };
/* End PBXBuildFile section */

/* Begin PBXContainerItemProxy section */
		C9829FED2D757BBB009BE65C /* PBXContainerItemProxy */ = {
			isa = PBXContainerItemProxy;
			containerPortal = C9829FCE2D757BB9009BE65C /* Project object */;
			proxyType = 1;
			remoteGlobalIDString = C9829FD52D757BB9009BE65C;
			remoteInfo = MemberCardApp;
		};
		C9829FF72D757BBB009BE65C /* PBXContainerItemProxy */ = {
			isa = PBXContainerItemProxy;
			containerPortal = C9829FCE2D757BB9009BE65C /* Project object */;
			proxyType = 1;
			remoteGlobalIDString = C9829FD52D757BB9009BE65C;
			remoteInfo = MemberCardApp;
		};
/* End PBXContainerItemProxy section */

/* Begin PBXFileReference section */
		C9829FD62D757BB9009BE65C /* MemberCardApp.app */ = {isa = PBXFileReference; explicitFileType = wrapper.application; includeInIndex = 0; path = MemberCardApp.app; sourceTree = BUILT_PRODUCTS_DIR; };
		C9829FEC2D757BBB009BE65C /* MemberCardAppTests.xctest */ = {isa = PBXFileReference; explicitFileType = wrapper.cfbundle; includeInIndex = 0; path = MemberCardAppTests.xctest; sourceTree = BUILT_PRODUCTS_DIR; };
		C9829FF62D757BBB009BE65C /* MemberCardAppUITests.xctest */ = {isa = PBXFileReference; explicitFileType = wrapper.cfbundle; includeInIndex = 0; path = MemberCardAppUITests.xctest; sourceTree = BUILT_PRODUCTS_DIR; };
/* End PBXFileReference section */

/* Begin PBXFileSystemSynchronizedBuildFileExceptionSet section */
		C9829FFE2D757BBB009BE65C /* Exceptions for "MemberCardApp" folder in "MemberCardApp" target */ = {
			isa = PBXFileSystemSynchronizedBuildFileExceptionSet;
			membershipExceptions = (
				Info.plist,
			);
			target = C9829FD52D757BB9009BE65C /* MemberCardApp */;
		};
/* End PBXFileSystemSynchronizedBuildFileExceptionSet section */

/* Begin PBXFileSystemSynchronizedRootGroup section */
		C9829FD82D757BB9009BE65C /* MemberCardApp */ = {
			isa = PBXFileSystemSynchronizedRootGroup;
			exceptions = (
				C9829FFE2D757BBB009BE65C /* Exceptions for "MemberCardApp" folder in "MemberCardApp" target */,
			);
			path = MemberCardApp;
			sourceTree = "<group>";
		};
		C9829FEF2D757BBB009BE65C /* MemberCardAppTests */ = {
			isa = PBXFileSystemSynchronizedRootGroup;
			path = MemberCardAppTests;
			sourceTree = "<group>";
		};
		C9829FF92D757BBB009BE65C /* MemberCardAppUITests */ = {
			isa = PBXFileSystemSynchronizedRootGroup;
			path = MemberCardAppUITests;
			sourceTree = "<group>";
		};
/* End PBXFileSystemSynchronizedRootGroup section */

/* Begin PBXFrameworksBuildPhase section */
		C9829FD32D757BB9009BE65C /* Frameworks */ = {
			isa = PBXFrameworksBuildPhase;
			buildActionMask = 2147483647;
			files = (
				D1F86BA22D75B30C00600BBC /* PostgREST in Frameworks */,
				D1F86BA02D75B30C00600BBC /* Functions in Frameworks */,
				D1F86BA82D75B30C00600BBC /* Supabase in Frameworks */,
				D1F86B9E2D75B30C00600BBC /* Auth in Frameworks */,
				D1F86BA62D75B30C00600BBC /* Storage in Frameworks */,
				D1F86BA42D75B30C00600BBC /* Realtime in Frameworks */,
			);
			runOnlyForDeploymentPostprocessing = 0;
		};
		C9829FE92D757BBB009BE65C /* Frameworks */ = {
			isa = PBXFrameworksBuildPhase;
			buildActionMask = 2147483647;
			files = (
			);
			runOnlyForDeploymentPostprocessing = 0;
		};
		C9829FF32D757BBB009BE65C /* Frameworks */ = {
			isa = PBXFrameworksBuildPhase;
			buildActionMask = 2147483647;
			files = (
			);
			runOnlyForDeploymentPostprocessing = 0;
		};
/* End PBXFrameworksBuildPhase section */

/* Begin PBXGroup section */
		C9829FCD2D757BB9009BE65C = {
			isa = PBXGroup;
			children = (
				C9829FD82D757BB9009BE65C /* MemberCardApp */,
				C9829FEF2D757BBB009BE65C /* MemberCardAppTests */,
				C9829FF92D757BBB009BE65C /* MemberCardAppUITests */,
				D1F86B9C2D75B30C00600BBC /* Frameworks */,
				C9829FD72D757BB9009BE65C /* Products */,
			);
			sourceTree = "<group>";
		};
		C9829FD72D757BB9009BE65C /* Products */ = {
			isa = PBXGroup;
			children = (
				C9829FD62D757BB9009BE65C /* MemberCardApp.app */,
				C9829FEC2D757BBB009BE65C /* MemberCardAppTests.xctest */,
				C9829FF62D757BBB009BE65C /* MemberCardAppUITests.xctest */,
			);
			name = Products;
			sourceTree = "<group>";
		};
		D1F86B9C2D75B30C00600BBC /* Frameworks */ = {
			isa = PBXGroup;
			children = (
			);
			name = Frameworks;
			sourceTree = "<group>";
		};
/* End PBXGroup section */

/* Begin PBXNativeTarget section */
		C9829FD52D757BB9009BE65C /* MemberCardApp */ = {
			isa = PBXNativeTarget;
			buildConfigurationList = C9829FFF2D757BBB009BE65C /* Build configuration list for PBXNativeTarget "MemberCardApp" */;
			buildPhases = (
				C9829FD22D757BB9009BE65C /* Sources */,
				C9829FD32D757BB9009BE65C /* Frameworks */,
				C9829FD42D757BB9009BE65C /* Resources */,
			);
			buildRules = (
			);
			dependencies = (
			);
			fileSystemSynchronizedGroups = (
				C9829FD82D757BB9009BE65C /* MemberCardApp */,
			);
			name = MemberCardApp;
			packageProductDependencies = (
				D1F86B9D2D75B30C00600BBC /* Auth */,
				D1F86B9F2D75B30C00600BBC /* Functions */,
				D1F86BA12D75B30C00600BBC /* PostgREST */,
				D1F86BA32D75B30C00600BBC /* Realtime */,
				D1F86BA52D75B30C00600BBC /* Storage */,
				D1F86BA72D75B30C00600BBC /* Supabase */,
			);
			productName = MemberCardApp;
			productReference = C9829FD62D757BB9009BE65C /* MemberCardApp.app */;
			productType = "com.apple.product-type.application";
		};
		C9829FEB2D757BBB009BE65C /* MemberCardAppTests */ = {
			isa = PBXNativeTarget;
			buildConfigurationList = C982A0042D757BBB009BE65C /* Build configuration list for PBXNativeTarget "MemberCardAppTests" */;
			buildPhases = (
				C9829FE82D757BBB009BE65C /* Sources */,
				C9829FE92D757BBB009BE65C /* Frameworks */,
				C9829FEA2D757BBB009BE65C /* Resources */,
			);
			buildRules = (
			);
			dependencies = (
				C9829FEE2D757BBB009BE65C /* PBXTargetDependency */,
			);
			fileSystemSynchronizedGroups = (
				C9829FEF2D757BBB009BE65C /* MemberCardAppTests */,
			);
			name = MemberCardAppTests;
			packageProductDependencies = (
			);
			productName = MemberCardAppTests;
			productReference = C9829FEC2D757BBB009BE65C /* MemberCardAppTests.xctest */;
			productType = "com.apple.product-type.bundle.unit-test";
		};
		C9829FF52D757BBB009BE65C /* MemberCardAppUITests */ = {
			isa = PBXNativeTarget;
			buildConfigurationList = C982A0072D757BBB009BE65C /* Build configuration list for PBXNativeTarget "MemberCardAppUITests" */;
			buildPhases = (
				C9829FF22D757BBB009BE65C /* Sources */,
				C9829FF32D757BBB009BE65C /* Frameworks */,
				C9829FF42D757BBB009BE65C /* Resources */,
			);
			buildRules = (
			);
			dependencies = (
				C9829FF82D757BBB009BE65C /* PBXTargetDependency */,
			);
			fileSystemSynchronizedGroups = (
				C9829FF92D757BBB009BE65C /* MemberCardAppUITests */,
			);
			name = MemberCardAppUITests;
			packageProductDependencies = (
			);
			productName = MemberCardAppUITests;
			productReference = C9829FF62D757BBB009BE65C /* MemberCardAppUITests.xctest */;
			productType = "com.apple.product-type.bundle.ui-testing";
		};
/* End PBXNativeTarget section */

/* Begin PBXProject section */
		C9829FCE2D757BB9009BE65C /* Project object */ = {
			isa = PBXProject;
			attributes = {
				BuildIndependentTargetsInParallel = 1;
				LastSwiftUpdateCheck = 1620;
				LastUpgradeCheck = 1620;
				TargetAttributes = {
					C9829FD52D757BB9009BE65C = {
						CreatedOnToolsVersion = 16.2;
					};
					C9829FEB2D757BBB009BE65C = {
						CreatedOnToolsVersion = 16.2;
						TestTargetID = C9829FD52D757BB9009BE65C;
					};
					C9829FF52D757BBB009BE65C = {
						CreatedOnToolsVersion = 16.2;
						TestTargetID = C9829FD52D757BB9009BE65C;
					};
				};
			};
			buildConfigurationList = C9829FD12D757BB9009BE65C /* Build configuration list for PBXProject "MemberCardApp" */;
			developmentRegion = en;
			hasScannedForEncodings = 0;
			knownRegions = (
				en,
				Base,
			);
			mainGroup = C9829FCD2D757BB9009BE65C;
			minimizedProjectReferenceProxies = 1;
			packageReferences = (
				D1F86B9B2D75B2EA00600BBC /* XCRemoteSwiftPackageReference "supabase-swift" */,
			);
			preferredProjectObjectVersion = 77;
			productRefGroup = C9829FD72D757BB9009BE65C /* Products */;
			projectDirPath = "";
			projectRoot = "";
			targets = (
				C9829FD52D757BB9009BE65C /* MemberCardApp */,
				C9829FEB2D757BBB009BE65C /* MemberCardAppTests */,
				C9829FF52D757BBB009BE65C /* MemberCardAppUITests */,
			);
		};
/* End PBXProject section */

/* Begin PBXResourcesBuildPhase section */
		C9829FD42D757BB9009BE65C /* Resources */ = {
			isa = PBXResourcesBuildPhase;
			buildActionMask = 2147483647;
			files = (
			);
			runOnlyForDeploymentPostprocessing = 0;
		};
		C9829FEA2D757BBB009BE65C /* Resources */ = {
			isa = PBXResourcesBuildPhase;
			buildActionMask = 2147483647;
			files = (
			);
			runOnlyForDeploymentPostprocessing = 0;
		};
		C9829FF42D757BBB009BE65C /* Resources */ = {
			isa = PBXResourcesBuildPhase;
			buildActionMask = 2147483647;
			files = (
			);
			runOnlyForDeploymentPostprocessing = 0;
		};
/* End PBXResourcesBuildPhase section */

/* Begin PBXSourcesBuildPhase section */
		C9829FD22D757BB9009BE65C /* Sources */ = {
			isa = PBXSourcesBuildPhase;
			buildActionMask = 2147483647;
			files = (
			);
			runOnlyForDeploymentPostprocessing = 0;
		};
		C9829FE82D757BBB009BE65C /* Sources */ = {
			isa = PBXSourcesBuildPhase;
			buildActionMask = 2147483647;
			files = (
			);
			runOnlyForDeploymentPostprocessing = 0;
		};
		C9829FF22D757BBB009BE65C /* Sources */ = {
			isa = PBXSourcesBuildPhase;
			buildActionMask = 2147483647;
			files = (
			);
			runOnlyForDeploymentPostprocessing = 0;
		};
/* End PBXSourcesBuildPhase section */

/* Begin PBXTargetDependency section */
		C9829FEE2D757BBB009BE65C /* PBXTargetDependency */ = {
			isa = PBXTargetDependency;
			target = C9829FD52D757BB9009BE65C /* MemberCardApp */;
			targetProxy = C9829FED2D757BBB009BE65C /* PBXContainerItemProxy */;
		};
		C9829FF82D757BBB009BE65C /* PBXTargetDependency */ = {
			isa = PBXTargetDependency;
			target = C9829FD52D757BB9009BE65C /* MemberCardApp */;
			targetProxy = C9829FF72D757BBB009BE65C /* PBXContainerItemProxy */;
		};
/* End PBXTargetDependency section */

/* Begin XCBuildConfiguration section */
		C982A0002D757BBB009BE65C /* Debug */ = {
			isa = XCBuildConfiguration;
			buildSettings = {
				ASSETCATALOG_COMPILER_APPICON_NAME = AppIcon;
				ASSETCATALOG_COMPILER_GLOBAL_ACCENT_COLOR_NAME = AccentColor;
				CODE_SIGN_STYLE = Automatic;
				CURRENT_PROJECT_VERSION = 1;
				DEVELOPMENT_TEAM = YMLG3QVVWG;
				GENERATE_INFOPLIST_FILE = YES;
				INFOPLIST_FILE = MemberCardApp/Info.plist;
				INFOPLIST_KEY_UIApplicationSupportsIndirectInputEvents = YES;
				INFOPLIST_KEY_UILaunchStoryboardName = LaunchScreen;
				INFOPLIST_KEY_UISupportedInterfaceOrientations_iPad = "UIInterfaceOrientationPortrait UIInterfaceOrientationPortraitUpsideDown UIInterfaceOrientationLandscapeLeft UIInterfaceOrientationLandscapeRight";
				INFOPLIST_KEY_UISupportedInterfaceOrientations_iPhone = "UIInterfaceOrientationPortrait UIInterfaceOrientationLandscapeLeft UIInterfaceOrientationLandscapeRight";
				LD_RUNPATH_SEARCH_PATHS = (
					"$(inherited)",
					"@executable_path/Frameworks",
				);
				MARKETING_VERSION = 1.0;
				PRODUCT_BUNDLE_IDENTIFIER = com.SpartaCamp.MemberCardApp;
				PRODUCT_NAME = "$(TARGET_NAME)";
				SWIFT_EMIT_LOC_STRINGS = YES;
				SWIFT_VERSION = 5.0;
				TARGETED_DEVICE_FAMILY = "1,2";
			};
			name = Debug;
		};
		C982A0012D757BBB009BE65C /* Release */ = {
			isa = XCBuildConfiguration;
			buildSettings = {
				ASSETCATALOG_COMPILER_APPICON_NAME = AppIcon;
				ASSETCATALOG_COMPILER_GLOBAL_ACCENT_COLOR_NAME = AccentColor;
				CODE_SIGN_STYLE = Automatic;
				CURRENT_PROJECT_VERSION = 1;
				DEVELOPMENT_TEAM = YMLG3QVVWG;
				GENERATE_INFOPLIST_FILE = YES;
				INFOPLIST_FILE = MemberCardApp/Info.plist;
				INFOPLIST_KEY_UIApplicationSupportsIndirectInputEvents = YES;
				INFOPLIST_KEY_UILaunchStoryboardName = LaunchScreen;
				INFOPLIST_KEY_UISupportedInterfaceOrientations_iPad = "UIInterfaceOrientationPortrait UIInterfaceOrientationPortraitUpsideDown UIInterfaceOrientationLandscapeLeft UIInterfaceOrientationLandscapeRight";
				INFOPLIST_KEY_UISupportedInterfaceOrientations_iPhone = "UIInterfaceOrientationPortrait UIInterfaceOrientationLandscapeLeft UIInterfaceOrientationLandscapeRight";
				LD_RUNPATH_SEARCH_PATHS = (
					"$(inherited)",
					"@executable_path/Frameworks",
				);
				MARKETING_VERSION = 1.0;
				PRODUCT_BUNDLE_IDENTIFIER = com.SpartaCamp.MemberCardApp;
				PRODUCT_NAME = "$(TARGET_NAME)";
				SWIFT_EMIT_LOC_STRINGS = YES;
				SWIFT_VERSION = 5.0;
				TARGETED_DEVICE_FAMILY = "1,2";
			};
			name = Release;
		};
		C982A0022D757BBB009BE65C /* Debug */ = {
			isa = XCBuildConfiguration;
			buildSettings = {
				ALWAYS_SEARCH_USER_PATHS = NO;
				ASSETCATALOG_COMPILER_GENERATE_SWIFT_ASSET_SYMBOL_EXTENSIONS = YES;
				CLANG_ANALYZER_NONNULL = YES;
				CLANG_ANALYZER_NUMBER_OBJECT_CONVERSION = YES_AGGRESSIVE;
				CLANG_CXX_LANGUAGE_STANDARD = "gnu++20";
				CLANG_ENABLE_MODULES = YES;
				CLANG_ENABLE_OBJC_ARC = YES;
				CLANG_ENABLE_OBJC_WEAK = YES;
				CLANG_WARN_BLOCK_CAPTURE_AUTORELEASING = YES;
				CLANG_WARN_BOOL_CONVERSION = YES;
				CLANG_WARN_COMMA = YES;
				CLANG_WARN_CONSTANT_CONVERSION = YES;
				CLANG_WARN_DEPRECATED_OBJC_IMPLEMENTATIONS = YES;
				CLANG_WARN_DIRECT_OBJC_ISA_USAGE = YES_ERROR;
				CLANG_WARN_DOCUMENTATION_COMMENTS = YES;
				CLANG_WARN_EMPTY_BODY = YES;
				CLANG_WARN_ENUM_CONVERSION = YES;
				CLANG_WARN_INFINITE_RECURSION = YES;
				CLANG_WARN_INT_CONVERSION = YES;
				CLANG_WARN_NON_LITERAL_NULL_CONVERSION = YES;
				CLANG_WARN_OBJC_IMPLICIT_RETAIN_SELF = YES;
				CLANG_WARN_OBJC_LITERAL_CONVERSION = YES;
				CLANG_WARN_OBJC_ROOT_CLASS = YES_ERROR;
				CLANG_WARN_QUOTED_INCLUDE_IN_FRAMEWORK_HEADER = YES;
				CLANG_WARN_RANGE_LOOP_ANALYSIS = YES;
				CLANG_WARN_STRICT_PROTOTYPES = YES;
				CLANG_WARN_SUSPICIOUS_MOVE = YES;
				CLANG_WARN_UNGUARDED_AVAILABILITY = YES_AGGRESSIVE;
				CLANG_WARN_UNREACHABLE_CODE = YES;
				CLANG_WARN__DUPLICATE_METHOD_MATCH = YES;
				COPY_PHASE_STRIP = NO;
				DEBUG_INFORMATION_FORMAT = dwarf;
				ENABLE_STRICT_OBJC_MSGSEND = YES;
				ENABLE_TESTABILITY = YES;
				ENABLE_USER_SCRIPT_SANDBOXING = YES;
				GCC_C_LANGUAGE_STANDARD = gnu17;
				GCC_DYNAMIC_NO_PIC = NO;
				GCC_NO_COMMON_BLOCKS = YES;
				GCC_OPTIMIZATION_LEVEL = 0;
				GCC_PREPROCESSOR_DEFINITIONS = (
					"DEBUG=1",
					"$(inherited)",
				);
				GCC_WARN_64_TO_32_BIT_CONVERSION = YES;
				GCC_WARN_ABOUT_RETURN_TYPE = YES_ERROR;
				GCC_WARN_UNDECLARED_SELECTOR = YES;
				GCC_WARN_UNINITIALIZED_AUTOS = YES_AGGRESSIVE;
				GCC_WARN_UNUSED_FUNCTION = YES;
				GCC_WARN_UNUSED_VARIABLE = YES;
				IPHONEOS_DEPLOYMENT_TARGET = 18.2;
				LOCALIZATION_PREFERS_STRING_CATALOGS = YES;
				MTL_ENABLE_DEBUG_INFO = INCLUDE_SOURCE;
				MTL_FAST_MATH = YES;
				ONLY_ACTIVE_ARCH = YES;
				SDKROOT = iphoneos;
				SWIFT_ACTIVE_COMPILATION_CONDITIONS = "DEBUG $(inherited)";
				SWIFT_OPTIMIZATION_LEVEL = "-Onone";
			};
			name = Debug;
		};
		C982A0032D757BBB009BE65C /* Release */ = {
			isa = XCBuildConfiguration;
			buildSettings = {
				ALWAYS_SEARCH_USER_PATHS = NO;
				ASSETCATALOG_COMPILER_GENERATE_SWIFT_ASSET_SYMBOL_EXTENSIONS = YES;
				CLANG_ANALYZER_NONNULL = YES;
				CLANG_ANALYZER_NUMBER_OBJECT_CONVERSION = YES_AGGRESSIVE;
				CLANG_CXX_LANGUAGE_STANDARD = "gnu++20";
				CLANG_ENABLE_MODULES = YES;
				CLANG_ENABLE_OBJC_ARC = YES;
				CLANG_ENABLE_OBJC_WEAK = YES;
				CLANG_WARN_BLOCK_CAPTURE_AUTORELEASING = YES;
				CLANG_WARN_BOOL_CONVERSION = YES;
				CLANG_WARN_COMMA = YES;
				CLANG_WARN_CONSTANT_CONVERSION = YES;
				CLANG_WARN_DEPRECATED_OBJC_IMPLEMENTATIONS = YES;
				CLANG_WARN_DIRECT_OBJC_ISA_USAGE = YES_ERROR;
				CLANG_WARN_DOCUMENTATION_COMMENTS = YES;
				CLANG_WARN_EMPTY_BODY = YES;
				CLANG_WARN_ENUM_CONVERSION = YES;
				CLANG_WARN_INFINITE_RECURSION = YES;
				CLANG_WARN_INT_CONVERSION = YES;
				CLANG_WARN_NON_LITERAL_NULL_CONVERSION = YES;
				CLANG_WARN_OBJC_IMPLICIT_RETAIN_SELF = YES;
				CLANG_WARN_OBJC_LITERAL_CONVERSION = YES;
				CLANG_WARN_OBJC_ROOT_CLASS = YES_ERROR;
				CLANG_WARN_QUOTED_INCLUDE_IN_FRAMEWORK_HEADER = YES;
				CLANG_WARN_RANGE_LOOP_ANALYSIS = YES;
				CLANG_WARN_STRICT_PROTOTYPES = YES;
				CLANG_WARN_SUSPICIOUS_MOVE = YES;
				CLANG_WARN_UNGUARDED_AVAILABILITY = YES_AGGRESSIVE;
				CLANG_WARN_UNREACHABLE_CODE = YES;
				CLANG_WARN__DUPLICATE_METHOD_MATCH = YES;
				COPY_PHASE_STRIP = NO;
				DEBUG_INFORMATION_FORMAT = "dwarf-with-dsym";
				ENABLE_NS_ASSERTIONS = NO;
				ENABLE_STRICT_OBJC_MSGSEND = YES;
				ENABLE_USER_SCRIPT_SANDBOXING = YES;
				GCC_C_LANGUAGE_STANDARD = gnu17;
				GCC_NO_COMMON_BLOCKS = YES;
				GCC_WARN_64_TO_32_BIT_CONVERSION = YES;
				GCC_WARN_ABOUT_RETURN_TYPE = YES_ERROR;
				GCC_WARN_UNDECLARED_SELECTOR = YES;
				GCC_WARN_UNINITIALIZED_AUTOS = YES_AGGRESSIVE;
				GCC_WARN_UNUSED_FUNCTION = YES;
				GCC_WARN_UNUSED_VARIABLE = YES;
				IPHONEOS_DEPLOYMENT_TARGET = 18.2;
				LOCALIZATION_PREFERS_STRING_CATALOGS = YES;
				MTL_ENABLE_DEBUG_INFO = NO;
				MTL_FAST_MATH = YES;
				SDKROOT = iphoneos;
				SWIFT_COMPILATION_MODE = wholemodule;
				VALIDATE_PRODUCT = YES;
			};
			name = Release;
		};
		C982A0052D757BBB009BE65C /* Debug */ = {
			isa = XCBuildConfiguration;
			buildSettings = {
				BUNDLE_LOADER = "$(TEST_HOST)";
				CODE_SIGN_STYLE = Automatic;
				CURRENT_PROJECT_VERSION = 1;
				DEVELOPMENT_TEAM = YMLG3QVVWG;
				GENERATE_INFOPLIST_FILE = YES;
				IPHONEOS_DEPLOYMENT_TARGET = 18.2;
				MARKETING_VERSION = 1.0;
				PRODUCT_BUNDLE_IDENTIFIER = com.SpartaCamp.MemberCardAppTests;
				PRODUCT_NAME = "$(TARGET_NAME)";
				SWIFT_EMIT_LOC_STRINGS = NO;
				SWIFT_VERSION = 5.0;
				TARGETED_DEVICE_FAMILY = "1,2";
				TEST_HOST = "$(BUILT_PRODUCTS_DIR)/MemberCardApp.app/$(BUNDLE_EXECUTABLE_FOLDER_PATH)/MemberCardApp";
			};
			name = Debug;
		};
		C982A0062D757BBB009BE65C /* Release */ = {
			isa = XCBuildConfiguration;
			buildSettings = {
				BUNDLE_LOADER = "$(TEST_HOST)";
				CODE_SIGN_STYLE = Automatic;
				CURRENT_PROJECT_VERSION = 1;
				DEVELOPMENT_TEAM = YMLG3QVVWG;
				GENERATE_INFOPLIST_FILE = YES;
				IPHONEOS_DEPLOYMENT_TARGET = 18.2;
				MARKETING_VERSION = 1.0;
				PRODUCT_BUNDLE_IDENTIFIER = com.SpartaCamp.MemberCardAppTests;
				PRODUCT_NAME = "$(TARGET_NAME)";
				SWIFT_EMIT_LOC_STRINGS = NO;
				SWIFT_VERSION = 5.0;
				TARGETED_DEVICE_FAMILY = "1,2";
				TEST_HOST = "$(BUILT_PRODUCTS_DIR)/MemberCardApp.app/$(BUNDLE_EXECUTABLE_FOLDER_PATH)/MemberCardApp";
			};
			name = Release;
		};
		C982A0082D757BBB009BE65C /* Debug */ = {
			isa = XCBuildConfiguration;
			buildSettings = {
				CODE_SIGN_STYLE = Automatic;
				CURRENT_PROJECT_VERSION = 1;
				DEVELOPMENT_TEAM = YMLG3QVVWG;
				GENERATE_INFOPLIST_FILE = YES;
				MARKETING_VERSION = 1.0;
				PRODUCT_BUNDLE_IDENTIFIER = com.SpartaCamp.MemberCardAppUITests;
				PRODUCT_NAME = "$(TARGET_NAME)";
				SWIFT_EMIT_LOC_STRINGS = NO;
				SWIFT_VERSION = 5.0;
				TARGETED_DEVICE_FAMILY = "1,2";
				TEST_TARGET_NAME = MemberCardApp;
			};
			name = Debug;
		};
		C982A0092D757BBB009BE65C /* Release */ = {
			isa = XCBuildConfiguration;
			buildSettings = {
				CODE_SIGN_STYLE = Automatic;
				CURRENT_PROJECT_VERSION = 1;
				DEVELOPMENT_TEAM = YMLG3QVVWG;
				GENERATE_INFOPLIST_FILE = YES;
				MARKETING_VERSION = 1.0;
				PRODUCT_BUNDLE_IDENTIFIER = com.SpartaCamp.MemberCardAppUITests;
				PRODUCT_NAME = "$(TARGET_NAME)";
				SWIFT_EMIT_LOC_STRINGS = NO;
				SWIFT_VERSION = 5.0;
				TARGETED_DEVICE_FAMILY = "1,2";
				TEST_TARGET_NAME = MemberCardApp;
			};
			name = Release;
		};
/* End XCBuildConfiguration section */

/* Begin XCConfigurationList section */
		C9829FD12D757BB9009BE65C /* Build configuration list for PBXProject "MemberCardApp" */ = {
			isa = XCConfigurationList;
			buildConfigurations = (
				C982A0022D757BBB009BE65C /* Debug */,
				C982A0032D757BBB009BE65C /* Release */,
			);
			defaultConfigurationIsVisible = 0;
			defaultConfigurationName = Release;
		};
		C9829FFF2D757BBB009BE65C /* Build configuration list for PBXNativeTarget "MemberCardApp" */ = {
			isa = XCConfigurationList;
			buildConfigurations = (
				C982A0002D757BBB009BE65C /* Debug */,
				C982A0012D757BBB009BE65C /* Release */,
			);
			defaultConfigurationIsVisible = 0;
			defaultConfigurationName = Release;
		};
		C982A0042D757BBB009BE65C /* Build configuration list for PBXNativeTarget "MemberCardAppTests" */ = {
			isa = XCConfigurationList;
			buildConfigurations = (
				C982A0052D757BBB009BE65C /* Debug */,
				C982A0062D757BBB009BE65C /* Release */,
			);
			defaultConfigurationIsVisible = 0;
			defaultConfigurationName = Release;
		};
		C982A0072D757BBB009BE65C /* Build configuration list for PBXNativeTarget "MemberCardAppUITests" */ = {
			isa = XCConfigurationList;
			buildConfigurations = (
				C982A0082D757BBB009BE65C /* Debug */,
				C982A0092D757BBB009BE65C /* Release */,
			);
			defaultConfigurationIsVisible = 0;
			defaultConfigurationName = Release;
		};
/* End XCConfigurationList section */

/* Begin XCRemoteSwiftPackageReference section */
		D1F86B9B2D75B2EA00600BBC /* XCRemoteSwiftPackageReference "supabase-swift" */ = {
			isa = XCRemoteSwiftPackageReference;
			repositoryURL = "https://github.com/supabase/supabase-swift";
			requirement = {
				kind = upToNextMajorVersion;
				minimumVersion = 2.5.1;
			};
		};
/* End XCRemoteSwiftPackageReference section */

/* Begin XCSwiftPackageProductDependency section */
		D1F86B9D2D75B30C00600BBC /* Auth */ = {
			isa = XCSwiftPackageProductDependency;
			package = D1F86B9B2D75B2EA00600BBC /* XCRemoteSwiftPackageReference "supabase-swift" */;
			productName = Auth;
		};
		D1F86B9F2D75B30C00600BBC /* Functions */ = {
			isa = XCSwiftPackageProductDependency;
			package = D1F86B9B2D75B2EA00600BBC /* XCRemoteSwiftPackageReference "supabase-swift" */;
			productName = Functions;
		};
		D1F86BA12D75B30C00600BBC /* PostgREST */ = {
			isa = XCSwiftPackageProductDependency;
			package = D1F86B9B2D75B2EA00600BBC /* XCRemoteSwiftPackageReference "supabase-swift" */;
			productName = PostgREST;
		};
		D1F86BA32D75B30C00600BBC /* Realtime */ = {
			isa = XCSwiftPackageProductDependency;
			package = D1F86B9B2D75B2EA00600BBC /* XCRemoteSwiftPackageReference "supabase-swift" */;
			productName = Realtime;
		};
		D1F86BA52D75B30C00600BBC /* Storage */ = {
			isa = XCSwiftPackageProductDependency;
			package = D1F86B9B2D75B2EA00600BBC /* XCRemoteSwiftPackageReference "supabase-swift" */;
			productName = Storage;
		};
		D1F86BA72D75B30C00600BBC /* Supabase */ = {
			isa = XCSwiftPackageProductDependency;
			package = D1F86B9B2D75B2EA00600BBC /* XCRemoteSwiftPackageReference "supabase-swift" */;
			productName = Supabase;
		};
/* End XCSwiftPackageProductDependency section */
	};
	rootObject = C9829FCE2D757BB9009BE65C /* Project object */;
}
